{
  "name": "team-100",
  "lockfileVersion": 2,
  "requires": true,
  "packages": {
    "": {
      "dependencies": {
        "@eonasdan/tempus-dominus": "^6.0.0-beta9",
        "cropperjs": "^1.5.12"
      }
    },
    "node_modules/@eonasdan/tempus-dominus": {
      "version": "6.0.0-beta9",
      "resolved": "https://registry.npmjs.org/@eonasdan/tempus-dominus/-/tempus-dominus-6.0.0-beta9.tgz",
      "integrity": "sha512-MOS0KGGcQf5s46ftAo2knHPsU6iQpQpo2KJ52g/4tMhhI7XXizAzOda5LYzCnUkhfkCeF3q7fus3UXAAnHWOKA==",
      "funding": {
        "url": "https://ko-fi.com/eonasdan"
      },
      "peerDependencies": {
        "@popperjs/core": "^2.10.1"
      }
    },
    "node_modules/@popperjs/core": {
      "version": "2.11.5",
      "resolved": "https://registry.npmjs.org/@popperjs/core/-/core-2.11.5.tgz",
      "integrity": "sha512-9X2obfABZuDVLCgPK9aX0a/x4jaOEweTTWE2+9sr0Qqqevj2Uv5XorvusThmc9XGYpS9yI+fhh8RTafBtGposw==",
      "peer": true,
      "funding": {
        "type": "opencollective",
        "url": "https://opencollective.com/popperjs"
      }
    },
    "node_modules/cropperjs": {
      "version": "1.5.12",
      "resolved": "https://registry.npmjs.org/cropperjs/-/cropperjs-1.5.12.tgz",
      "integrity": "sha512-re7UdjE5UnwdrovyhNzZ6gathI4Rs3KGCBSc8HCIjUo5hO42CtzyblmWLj6QWVw7huHyDMfpKxhiO2II77nhDw=="
    }
  },
  "dependencies": {
    "@eonasdan/tempus-dominus": {
      "version": "6.0.0-beta9",
      "resolved": "https://registry.npmjs.org/@eonasdan/tempus-dominus/-/tempus-dominus-6.0.0-beta9.tgz",
      "integrity": "sha512-MOS0KGGcQf5s46ftAo2knHPsU6iQpQpo2KJ52g/4tMhhI7XXizAzOda5LYzCnUkhfkCeF3q7fus3UXAAnHWOKA==",
      "requires": {}
    },
    "@popperjs/core": {
      "version": "2.11.5",
      "resolved": "https://registry.npmjs.org/@popperjs/core/-/core-2.11.5.tgz",
      "integrity": "sha512-9X2obfABZuDVLCgPK9aX0a/x4jaOEweTTWE2+9sr0Qqqevj2Uv5XorvusThmc9XGYpS9yI+fhh8RTafBtGposw==",
      "peer": true
    },
    "cropperjs": {
      "version": "1.5.12",
      "resolved": "https://registry.npmjs.org/cropperjs/-/cropperjs-1.5.12.tgz",
      "integrity": "sha512-re7UdjE5UnwdrovyhNzZ6gathI4Rs3KGCBSc8HCIjUo5hO42CtzyblmWLj6QWVw7huHyDMfpKxhiO2II77nhDw=="
    }
  }
}
